// !$*UTF8*$!
{
	archiveVersion = 1;
	classes = {
	};
	objectVersion = 50;
	objects = {

/* Begin PBXBuildFile section */
		92C1230623EBCD75000E83DC /* AppDelegate.swift in Sources */ = {isa = PBXBuildFile; fileRef = 92C1230523EBCD75000E83DC /* AppDelegate.swift */; };
		92C1230823EBCD75000E83DC /* SceneDelegate.swift in Sources */ = {isa = PBXBuildFile; fileRef = 92C1230723EBCD75000E83DC /* SceneDelegate.swift */; };
		92C1230A23EBCD75000E83DC /* ContentView.swift in Sources */ = {isa = PBXBuildFile; fileRef = 92C1230923EBCD75000E83DC /* ContentView.swift */; };
		92C1230C23EBCD78000E83DC /* Assets.xcassets in Resources */ = {isa = PBXBuildFile; fileRef = 92C1230B23EBCD78000E83DC /* Assets.xcassets */; };
		92C1230F23EBCD78000E83DC /* Preview Assets.xcassets in Resources */ = {isa = PBXBuildFile; fileRef = 92C1230E23EBCD78000E83DC /* Preview Assets.xcassets */; };
		92C1231223EBCD78000E83DC /* LaunchScreen.storyboard in Resources */ = {isa = PBXBuildFile; fileRef = 92C1231023EBCD78000E83DC /* LaunchScreen.storyboard */; };
/* End PBXBuildFile section */

/* Begin PBXFileReference section */
		92C1230223EBCD75000E83DC /* parallaxText.app */ = {isa = PBXFileReference; explicitFileType = wrapper.application; includeInIndex = 0; path = parallaxText.app; sourceTree = BUILT_PRODUCTS_DIR; };
		92C1230523EBCD75000E83DC /* AppDelegate.swift */ = {isa = PBXFileReference; lastKnownFileType = sourcecode.swift; path = AppDelegate.swift; sourceTree = "<group>"; };
		92C1230723EBCD75000E83DC /* SceneDelegate.swift */ = {isa = PBXFileReference; lastKnownFileType = sourcecode.swift; path = SceneDelegate.swift; sourceTree = "<group>"; };
		92C1230923EBCD75000E83DC /* ContentView.swift */ = {isa = PBXFileReference; lastKnownFileType = sourcecode.swift; path = ContentView.swift; sourceTree = "<group>"; };
		92C1230B23EBCD78000E83DC /* Assets.xcassets */ = {isa = PBXFileReference; lastKnownFileType = folder.assetcatalog; path = Assets.xcassets; sourceTree = "<group>"; };
		92C1230E23EBCD78000E83DC /* Preview Assets.xcassets */ = {isa = PBXFileReference; lastKnownFileType = folder.assetcatalog; path = "Preview Assets.xcassets"; sourceTree = "<group>"; };
		92C1231123EBCD78000E83DC /* Base */ = {isa = PBXFileReference; lastKnownFileType = file.storyboard; name = Base; path = Base.lproj/LaunchScreen.storyboard; sourceTree = "<group>"; };
		92C1231323EBCD78000E83DC /* Info.plist */ = {isa = PBXFileReference; lastKnownFileType = text.plist.xml; path = Info.plist; sourceTree = "<group>"; };
/* End PBXFileReference section */

/* Begin PBXFrameworksBuildPhase section */
		92C122FF23EBCD75000E83DC /* Frameworks */ = {
			isa = PBXFrameworksBuildPhase;
			buildActionMask = 2147483647;
			files = (
			);
			runOnlyForDeploymentPostprocessing = 0;
		};
/* End PBXFrameworksBuildPhase section */

/* Begin PBXGroup section */
		92C122F923EBCD75000E83DC = {
			isa = PBXGroup;
			children = (
				92C1230423EBCD75000E83DC /* parallaxText */,
				92C1230323EBCD75000E83DC /* Products */,
			);
			sourceTree = "<group>";
		};
		92C1230323EBCD75000E83DC /* Products */ = {
			isa = PBXGroup;
			children = (
				92C1230223EBCD75000E83DC /* parallaxText.app */,
			);
			name = Products;
			sourceTree = "<group>";
		};
		92C1230423EBCD75000E83DC /* parallaxText */ = {
			isa = PBXGroup;
			children = (
				92C1230523EBCD75000E83DC /* AppDelegate.swift */,
				92C1230723EBCD75000E83DC /* SceneDelegate.swift */,
				92C1230923EBCD75000E83DC /* ContentView.swift */,
				92C1230B23EBCD78000E83DC /* Assets.xcassets */,
				92C1231023EBCD78000E83DC /* LaunchScreen.storyboard */,
				92C1231323EBCD78000E83DC /* Info.plist */,
				92C1230D23EBCD78000E83DC /* Preview Content */,
			);
			path = parallaxText;
			sourceTree = "<group>";
		};
		92C1230D23EBCD78000E83DC /* Preview Content */ = {
			isa = PBXGroup;
			children = (
				92C1230E23EBCD78000E83DC /* Preview Assets.xcassets */,
			);
			path = "Preview Content";
			sourceTree = "<group>";
		};
/* End PBXGroup section */

/* Begin PBXNativeTarget section */
		92C1230123EBCD75000E83DC /* parallaxText */ = {
			isa = PBXNativeTarget;
			buildConfigurationList = 92C1231623EBCD78000E83DC /* Build configuration list for PBXNativeTarget "parallaxText" */;
			buildPhases = (
				92C122FE23EBCD75000E83DC /* Sources */,
				92C122FF23EBCD75000E83DC /* Frameworks */,
				92C1230023EBCD75000E83DC /* Resources */,
			);
			buildRules = (
			);
			dependencies = (
			);
			name = parallaxText;
			productName = parallaxText;
			productReference = 92C1230223EBCD75000E83DC /* parallaxText.app */;
			productType = "com.apple.product-type.application";
		};
/* End PBXNativeTarget section */

/* Begin PBXProject section */
		92C122FA23EBCD75000E83DC /* Project object */ = {
			isa = PBXProject;
			attributes = {
				LastSwiftUpdateCheck = 1130;
				LastUpgradeCheck = 1130;
				ORGANIZATIONNAME = PRIYANS;
				TargetAttributes = {
					92C1230123EBCD75000E83DC = {
						CreatedOnToolsVersion = 11.3.1;
					};
				};
			};
			buildConfigurationList = 92C122FD23EBCD75000E83DC /* Build configuration list for PBXProject "parallaxText" */;
			compatibilityVersion = "Xcode 9.3";
			developmentRegion = en;
			hasScannedForEncodings = 0;
			knownRegions = (
				en,
				Base,
			);
			mainGroup = 92C122F923EBCD75000E83DC;
			productRefGroup = 92C1230323EBCD75000E83DC /* Products */;
			projectDirPath = "";
			projectRoot = "";
			targets = (
				92C1230123EBCD75000E83DC /* parallaxText */,
			);
		};
/* End PBXProject section */

/* Begin PBXResourcesBuildPhase section */
		92C1230023EBCD75000E83DC /* Resources */ = {
			isa = PBXResourcesBuildPhase;
			buildActionMask = 2147483647;
			files = (
				92C1231223EBCD78000E83DC /* LaunchScreen.storyboard in Resources */,
				92C1230F23EBCD78000E83DC /* Preview Assets.xcassets in Resources */,
				92C1230C23EBCD78000E83DC /* Assets.xcassets in Resources */,
			);
			runOnlyForDeploymentPostprocessing = 0;
		};
/* End PBXResourcesBuildPhase section */

/* Begin PBXSourcesBuildPhase section */
		92C122FE23EBCD75000E83DC /* Sources */ = {
			isa = PBXSourcesBuildPhase;
			buildActionMask = 2147483647;
			files = (
				92C1230623EBCD75000E83DC /* AppDelegate.swift in Sources */,
				92C1230823EBCD75000E83DC /* SceneDelegate.swift in Sources */,
				92C1230A23EBCD75000E83DC /* ContentView.swift in Sources */,
			);
			runOnlyForDeploymentPostprocessing = 0;
		};
/* End PBXSourcesBuildPhase section */

/* Begin PBXVariantGroup section */
		92C1231023EBCD78000E83DC /* LaunchScreen.storyboard */ = {
			isa = PBXVariantGroup;
			children = (
				92C1231123EBCD78000E83DC /* Base */,
			);
			name = LaunchScreen.storyboard;
			sourceTree = "<group>";
		};
/* End PBXVariantGroup section */

/* Begin XCBuildConfiguration section */
		92C1231423EBCD78000E83DC /* Debug */ = {
			isa = XCBuildConfiguration;
			buildSettings = {
				ALWAYS_SEARCH_USER_PATHS = NO;
				CLANG_ANALYZER_NONNULL = YES;
				CLANG_ANALYZER_NUMBER_OBJECT_CONVERSION = YES_AGGRESSIVE;
				CLANG_CXX_LANGUAGE_STANDARD = "gnu++14";
				CLANG_CXX_LIBRARY = "libc++";
				CLANG_ENABLE_MODULES = YES;
				CLANG_ENABLE_OBJC_ARC = YES;
				CLANG_ENABLE_OBJC_WEAK = YES;
				CLANG_WARN_BLOCK_CAPTURE_AUTORELEASING = YES;
				CLANG_WARN_BOOL_CONVERSION = YES;
				CLANG_WARN_COMMA = YES;
				CLANG_WARN_CONSTANT_CONVERSION = YES;
				CLANG_WARN_DEPRECATED_OBJC_IMPLEMENTATIONS = YES;
				CLANG_WARN_DIRECT_OBJC_ISA_USAGE = YES_ERROR;
				CLANG_WARN_DOCUMENTATION_COMMENTS = YES;
				CLANG_WARN_EMPTY_BODY = YES;
				CLANG_WARN_ENUM_CONVERSION = YES;
				CLANG_WARN_INFINITE_RECURSION = YES;
				CLANG_WARN_INT_CONVERSION = YES;
				CLANG_WARN_NON_LITERAL_NULL_CONVERSION = YES;
				CLANG_WARN_OBJC_IMPLICIT_RETAIN_SELF = YES;
				CLANG_WARN_OBJC_LITERAL_CONVERSION = YES;
				CLANG_WARN_OBJC_ROOT_CLASS = YES_ERROR;
				CLANG_WARN_RANGE_LOOP_ANALYSIS = YES;
				CLANG_WARN_STRICT_PROTOTYPES = YES;
				CLANG_WARN_SUSPICIOUS_MOVE = YES;
				CLANG_WARN_UNGUARDED_AVAILABILITY = YES_AGGRESSIVE;
				CLANG_WARN_UNREACHABLE_CODE = YES;
				CLANG_WARN__DUPLICATE_METHOD_MATCH = YES;
				COPY_PHASE_STRIP = NO;
				DEBUG_INFORMATION_FORMAT = dwarf;
				ENABLE_STRICT_OBJC_MSGSEND = YES;
				ENABLE_TESTABILITY = YES;
				GCC_C_LANGUAGE_STANDARD = gnu11;
				GCC_DYNAMIC_NO_PIC = NO;
				GCC_NO_COMMON_BLOCKS = YES;
				GCC_OPTIMIZATION_LEVEL = 0;
				GCC_PREPROCESSOR_DEFINITIONS = (
					"DEBUG=1",
					"$(inherited)",
				);
				GCC_WARN_64_TO_32_BIT_CONVERSION = YES;
				GCC_WARN_ABOUT_RETURN_TYPE = YES_ERROR;
				GCC_WARN_UNDECLARED_SELECTOR = YES;
				GCC_WARN_UNINITIALIZED_AUTOS = YES_AGGRESSIVE;
				GCC_WARN_UNUSED_FUNCTION = YES;
				GCC_WARN_UNUSED_VARIABLE = YES;
				IPHONEOS_DEPLOYMENT_TARGET = 13.2;
				MTL_ENABLE_DEBUG_INFO = INCLUDE_SOURCE;
				MTL_FAST_MATH = YES;
				ONLY_ACTIVE_ARCH = YES;
				SDKROOT = iphoneos;
				SWIFT_ACTIVE_COMPILATION_CONDITIONS = DEBUG;
				SWIFT_OPTIMIZATION_LEVEL = "-Onone";
			};
			name = Debug;
		};
		92C1231523EBCD78000E83DC /* Release */ = {
			isa = XCBuildConfiguration;
			buildSettings = {
				ALWAYS_SEARCH_USER_PATHS = NO;
				CLANG_ANALYZER_NONNULL = YES;
				CLANG_ANALYZER_NUMBER_OBJECT_CONVERSION = YES_AGGRESSIVE;
				CLANG_CXX_LANGUAGE_STANDARD = "gnu++14";
				CLANG_CXX_LIBRARY = "libc++";
				CLANG_ENABLE_MODULES = YES;
				CLANG_ENABLE_OBJC_ARC = YES;
				CLANG_ENABLE_OBJC_WEAK = YES;
				CLANG_WARN_BLOCK_CAPTURE_AUTORELEASING = YES;
				CLANG_WARN_BOOL_CONVERSION = YES;
				CLANG_WARN_COMMA = YES;
				CLANG_WARN_CONSTANT_CONVERSION = YES;
				CLANG_WARN_DEPRECATED_OBJC_IMPLEMENTATIONS = YES;
				CLANG_WARN_DIRECT_OBJC_ISA_USAGE = YES_ERROR;
				CLANG_WARN_DOCUMENTATION_COMMENTS = YES;
				CLANG_WARN_EMPTY_BODY = YES;
				CLANG_WARN_ENUM_CONVERSION = YES;
				CLANG_WARN_INFINITE_RECURSION = YES;
				CLANG_WARN_INT_CONVERSION = YES;
				CLANG_WARN_NON_LITERAL_NULL_CONVERSION = YES;
				CLANG_WARN_OBJC_IMPLICIT_RETAIN_SELF = YES;
				CLANG_WARN_OBJC_LITERAL_CONVERSION = YES;
				CLANG_WARN_OBJC_ROOT_CLASS = YES_ERROR;
				CLANG_WARN_RANGE_LOOP_ANALYSIS = YES;
				CLANG_WARN_STRICT_PROTOTYPES = YES;
				CLANG_WARN_SUSPICIOUS_MOVE = YES;
				CLANG_WARN_UNGUARDED_AVAILABILITY = YES_AGGRESSIVE;
				CLANG_WARN_UNREACHABLE_CODE = YES;
				CLANG_WARN__DUPLICATE_METHOD_MATCH = YES;
				COPY_PHASE_STRIP = NO;
				DEBUG_INFORMATION_FORMAT = "dwarf-with-dsym";
				ENABLE_NS_ASSERTIONS = NO;
				ENABLE_STRICT_OBJC_MSGSEND = YES;
				GCC_C_LANGUAGE_STANDARD = gnu11;
				GCC_NO_COMMON_BLOCKS = YES;
				GCC_WARN_64_TO_32_BIT_CONVERSION = YES;
				GCC_WARN_ABOUT_RETURN_TYPE = YES_ERROR;
				GCC_WARN_UNDECLARED_SELECTOR = YES;
				GCC_WARN_UNINITIALIZED_AUTOS = YES_AGGRESSIVE;
				GCC_WARN_UNUSED_FUNCTION = YES;
				GCC_WARN_UNUSED_VARIABLE = YES;
				IPHONEOS_DEPLOYMENT_TARGET = 13.2;
				MTL_ENABLE_DEBUG_INFO = NO;
				MTL_FAST_MATH = YES;
				SDKROOT = iphoneos;
				SWIFT_COMPILATION_MODE = wholemodule;
				SWIFT_OPTIMIZATION_LEVEL = "-O";
				VALIDATE_PRODUCT = YES;
			};
			name = Release;
		};
		92C1231723EBCD78000E83DC /* Debug */ = {
			isa = XCBuildConfiguration;
			buildSettings = {
				ASSETCATALOG_COMPILER_APPICON_NAME = AppIcon;
				CODE_SIGN_STYLE = Automatic;
				DEVELOPMENT_ASSET_PATHS = "\"parallaxText/Preview Content\"";
				DEVELOPMENT_TEAM = X27L74NC87;
				ENABLE_PREVIEWS = YES;
				INFOPLIST_FILE = parallaxText/Info.plist;
				LD_RUNPATH_SEARCH_PATHS = (
					"$(inherited)",
					"@executable_path/Frameworks",
				);
				PRODUCT_BUNDLE_IDENTIFIER = com.priyans.parallaxText;
				PRODUCT_NAME = "$(TARGET_NAME)";
				SWIFT_VERSION = 5.0;
				TARGETED_DEVICE_FAMILY = "1,2";
			};
			name = Debug;
		};
		92C1231823EBCD78000E83DC /* Release */ = {
			isa = XCBuildConfiguration;
			buildSettings = {
				ASSETCATALOG_COMPILER_APPICON_NAME = AppIcon;
				CODE_SIGN_STYLE = Automatic;
				DEVELOPMENT_ASSET_PATHS = "\"parallaxText/Preview Content\"";
				DEVELOPMENT_TEAM = X27L74NC87;
				ENABLE_PREVIEWS = YES;
				INFOPLIST_FILE = parallaxText/Info.plist;
				LD_RUNPATH_SEARCH_PATHS = (
					"$(inherited)",
					"@executable_path/Frameworks",
				);
				PRODUCT_BUNDLE_IDENTIFIER = com.priyans.parallaxText;
				PRODUCT_NAME = "$(TARGET_NAME)";
				SWIFT_VERSION = 5.0;
				TARGETED_DEVICE_FAMILY = "1,2";
			};
			name = Release;
		};
/* End XCBuildConfiguration section */

/* Begin XCConfigurationList section */
		92C122FD23EBCD75000E83DC /* Build configuration list for PBXProject "parallaxText" */ = {
			isa = XCConfigurationList;
			buildConfigurations = (
				92C1231423EBCD78000E83DC /* Debug */,
				92C1231523EBCD78000E83DC /* Release */,
			);
			defaultConfigurationIsVisible = 0;
			defaultConfigurationName = Release;
		};
		92C1231623EBCD78000E83DC /* Build configuration list for PBXNativeTarget "parallaxText" */ = {
			isa = XCConfigurationList;
			buildConfigurations = (
				92C1231723EBCD78000E83DC /* Debug */,
				92C1231823EBCD78000E83DC /* Release */,
			);
			defaultConfigurationIsVisible = 0;
			defaultConfigurationName = Release;
		};
/* End XCConfigurationList section */
	};
	rootObject = 92C122FA23EBCD75000E83DC /* Project object */;
}
